- id: 321b9167-7d73-4a72-861e-b34372000cd8
  name: Amy Bublak
  other_names: []
  phones:
  - (209) 668-5540
  emails:
  - abublak@turlock.ca.us
  urls:
  - https://www.cityofturlock.org/government/officeofthemayor
  - https://www.cityofturlock.org/government/turlockcitycouncil
  image: https://www.cityofturlock.org/_images/bublaksm.gif
  cdn_image: ''
  source_urls:
  - https://www.cityofturlock.org/government/officeofthemayor
  - https://www.cityofturlock.org/government/turlockcitycouncil
  updated_at: '2026-09-07T05:01:27+00:00'
  roles:
  - name: Mayor
    role_id: mayor
    jurisdiction_ocdid: ocd-jurisdiction/country:us/state:ca/place:turlock/government
    division_ocdid: ocd-division/country:us/state:ca/place:turlock
    start_date: null
    end_date: null
- id: 5fd8a638-2a74-4579-8de6-0c0e30dc4acf
  name: Rebecka Monez
  other_names: []
  phones:
  - (209) 668-5540
  emails:
  - rmonez@turlock.ca.us
  urls:
  - https://www.cityofturlock.org/government/turlockcitycouncil
  image: https://www.cityofturlock.org/_images/monezsm2.png
  cdn_image: https://cdn.civicpatch.org/open-data/ca/local/place_turlock/images/5906a5df50ba.png
  source_urls:
  - https://www.cityofturlock.org/government/turlockcitycouncil
  updated_at: '2026-09-07T05:01:27+00:00'
  roles:
  - name: Vice Mayor, District 2
    role_id: vice-mayor
    jurisdiction_ocdid: ocd-jurisdiction/country:us/state:ca/place:turlock/government
    division_ocdid: ocd-division/country:us/state:ca/place:turlock/council_district:2
    start_date: null
    end_date: null
- id: faf985ae-104d-40ce-8c59-1c76827eb028
  name: Kevin Bixel
  other_names: []
  phones:
  - (209) 668-5540
  emails:
  - kbixel@turlock.ca.us
  urls:
  - https://www.cityofturlock.org/government/turlockcitycouncil
  image: https://www.cityofturlock.org/_images/kbixel-sm.png
  cdn_image: https://cdn.civicpatch.org/open-data/ca/local/place_turlock/images/6f21bb76db34.png
  source_urls:
  - https://www.cityofturlock.org/government/turlockcitycouncil
  updated_at: '2026-09-07T05:01:27+00:00'
  roles:
  - name: Council Member, District 1
    role_id: council-member
    jurisdiction_ocdid: ocd-jurisdiction/country:us/state:ca/place:turlock/government
    division_ocdid: ocd-division/country:us/state:ca/place:turlock/council_district:1
    start_date: null
    end_date: null
- id: a2fef43c-41da-4420-8bb0-c332d4e8a95f
  name: Cassandra Abram
  other_names: []
  phones:
  - (209) 668-5540
  emails:
  - cabram@turlock.ca.us
  urls:
  - https://www.cityofturlock.org/government/turlockcitycouncil
  image: https://www.cityofturlock.org/_images/cabram-sm.png
  cdn_image: https://cdn.civicpatch.org/open-data/ca/local/place_turlock/images/b0b302ae0e46.png
  source_urls:
  - https://www.cityofturlock.org/government/turlockcitycouncil
  updated_at: '2026-09-07T05:01:27+00:00'
  roles:
  - name: Council Member, District 3
    role_id: council-member
    jurisdiction_ocdid: ocd-jurisdiction/country:us/state:ca/place:turlock/government
    division_ocdid: ocd-division/country:us/state:ca/place:turlock/council_district:3
    start_date: '2022'
    end_date: null
- id: 56a08eff-b269-44f3-9bc9-b08f574d04d2
  name: Erika Phillips
  other_names: []
  phones:
  - (209) 668-5540
  emails:
  - ephillips@turlock.ca.us
  urls:
  - https://www.cityofturlock.org/government/turlockcitycouncil
  image: https://www.cityofturlock.org/_images/ephillips-sm.png
  cdn_image: https://cdn.civicpatch.org/open-data/ca/local/place_turlock/images/7ad354293ae3.png
  source_urls:
  - https://www.cityofturlock.org/government/turlockcitycouncil
  updated_at: '2026-09-07T05:01:27+00:00'
  roles:
  - name: Council Member, District 4
    role_id: council-member
    jurisdiction_ocdid: ocd-jurisdiction/country:us/state:ca/place:turlock/government
    division_ocdid: ocd-division/country:us/state:ca/place:turlock/council_district:4
    start_date: '2024-12-10'
    end_date: '2028'
