- id: 2b732c24-74be-4651-890a-0ce070e797e3
  name: Victoria Marincin
  other_names: []
  phones:
  - (360) 785-3811
  emails:
  - mayor@cityofwinlock.com
  urls:
  - https://www.cityofwinlock.com/m/directory/employee?eid=36
  image: https://www.cityofwinlock.com/ImageRepository/Document?documentID=497
  cdn_image: https://cdn.civicpatch.org/open-data/wa/local/place_winlock/images/5fe9cc608e5b.png
  source_urls:
  - https://www.cityofwinlock.com/172/City-Council
  updated_at: '2026-09-06T23:23:47+00:00'
  roles:
  - name: Mayor
    role_id: mayor
    jurisdiction_ocdid: ocd-jurisdiction/country:us/state:wa/place:winlock/government
    division_ocdid: ocd-division/country:us/state:wa/place:winlock
    start_date: null
    end_date: null
- id: 6d3c8bac-9302-43e5-902c-63ac2177465a
  name: Alishia Hornburg
  other_names: []
  phones:
  - (360) 785-3811
  emails:
  - council5@cityofwinlock.com
  urls:
  - https://www.cityofwinlock.com/m/directory/employee?eid=15
  image: https://www.cityofwinlock.com/ImageRepository/Document?documentID=495
  cdn_image: https://cdn.civicpatch.org/open-data/wa/local/place_winlock/images/9d09ffbbd530.png
  source_urls:
  - https://www.cityofwinlock.com/172/City-Council
  updated_at: '2026-09-06T23:23:47+00:00'
  roles:
  - name: Council Member
    role_id: council-member
    jurisdiction_ocdid: ocd-jurisdiction/country:us/state:wa/place:winlock/government
    division_ocdid: ocd-division/country:us/state:wa/place:winlock
    start_date: null
    end_date: null
- id: d0bd9908-7255-4575-99ad-044d11f280e4
  name: Chuck Camps
  other_names:
  - Chuck (Roland) Camps
  phones:
  - (360) 785-3811
  emails:
  - council2@cityofwinlock.com
  urls:
  - https://www.cityofwinlock.com/m/directory/employee?eid=12
  image: https://www.cityofwinlock.com/ImageRepository/Document?documentID=200
  cdn_image: https://cdn.civicpatch.org/open-data/wa/local/place_winlock/images/0be457cfbcae.png
  source_urls:
  - https://www.cityofwinlock.com/172/City-Council
  updated_at: '2026-09-06T23:23:47+00:00'
  roles:
  - name: Council Member
    role_id: council-member
    jurisdiction_ocdid: ocd-jurisdiction/country:us/state:wa/place:winlock/government
    division_ocdid: ocd-division/country:us/state:wa/place:winlock
    start_date: null
    end_date: null
- id: 9f42569f-5156-474c-b55a-995a7b0f957c
  name: Jess Bowers
  other_names: []
  phones:
  - (360) 785-3811
  emails:
  - council1@cityofwinlock.com
  urls:
  - https://www.cityofwinlock.com/m/directory/employee?eid=11
  image: https://www.cityofwinlock.com/ImageRepository/Document?documentID=205
  cdn_image: https://cdn.civicpatch.org/open-data/wa/local/place_winlock/images/8675f818af97.png
  source_urls:
  - https://www.cityofwinlock.com/172/City-Council
  updated_at: '2026-09-06T23:23:47+00:00'
  roles:
  - name: Council Member
    role_id: council-member
    jurisdiction_ocdid: ocd-jurisdiction/country:us/state:wa/place:winlock/government
    division_ocdid: ocd-division/country:us/state:wa/place:winlock
    start_date: null
    end_date: null
- id: 6e723055-24c6-41db-9046-170024d590bb
  name: Jodie Curtis
  other_names: []
  phones:
  - (360) 785-3811
  emails:
  - council3@cityofwinlock.com
  urls:
  - https://www.cityofwinlock.com/m/directory/employee?eid=13
  image: https://www.cityofwinlock.com/ImageRepository/Document?documentID=201
  cdn_image: https://cdn.civicpatch.org/open-data/wa/local/place_winlock/images/fe0215d838df.png
  source_urls:
  - https://www.cityofwinlock.com/172/City-Council
  updated_at: '2026-09-06T23:23:47+00:00'
  roles:
  - name: Council Member
    role_id: council-member
    jurisdiction_ocdid: ocd-jurisdiction/country:us/state:wa/place:winlock/government
    division_ocdid: ocd-division/country:us/state:wa/place:winlock
    start_date: null
    end_date: null
