- jurisdiction_id: ocd-jurisdiction/country:us/state:wa/place:winlock/government
  name: Brandon Svenson
  roles:
  - Mayor
  divisions:
  - City
  phone_number: null
  email: mayor@cityofwinlock.com
  website: https://cityofwinlock.com/index.php/city-council
  start_date: '2022'
  end_date: '2025'
  image: https://cityofwinlock.com/wp-content/uploads/2024/06/MayorSvenson2_4-17-24-300x229.jpg
  cdn_image: https://cdn.civicpatch.org/open-data/wa/winlock/images/4abbe39b4ca8541e9d384afb24e77e58d7f7a13c9cdf3bbd4bdddb197e608c5b.jpg
  sources:
  - https://cityofwinlock.com/index.php/city-council
  updated_at: '2025-06-26T17:29:52+00:00'
- jurisdiction_id: ocd-jurisdiction/country:us/state:wa/place:winlock/government
  name: Jeramy Allman
  roles:
  - Mayor Pro Tempore
  - Council Member
  divisions:
  - Position 4
  phone_number: null
  email: council4@cityofwinlock.com
  website: https://cityofwinlock.com/index.php/city-council
  start_date: '2022'
  end_date: '2025'
  image: https://cityofwinlock.com/wp-content/uploads/2024/06/Jeramy-300x274.jpg
  cdn_image: https://cdn.civicpatch.org/open-data/wa/winlock/images/b6698d2cef8dc58be8e3850093f7cf1f14a17f21c29bfac342d61d9d7b12758a.jpg
  sources:
  - https://cityofwinlock.com/index.php/city-council
  updated_at: '2025-06-26T17:29:52+00:00'
- jurisdiction_id: ocd-jurisdiction/country:us/state:wa/place:winlock/government
  name: Jess Bowers
  roles:
  - Council Member
  divisions:
  - Position 1
  phone_number: null
  email: council1@cityofwinlock.com
  website: https://cityofwinlock.com/index.php/city-council
  start_date: '2024'
  end_date: '2027'
  image: https://cityofwinlock.com/wp-content/uploads/2024/06/Jess-300x275.jpg
  cdn_image: https://cdn.civicpatch.org/open-data/wa/winlock/images/c942e03f349dfeda808b7602808fda774b0b54b104fa91fbdcee1a4121b6c6e7.jpg
  sources:
  - https://cityofwinlock.com/index.php/city-council
  updated_at: '2025-06-26T17:29:52+00:00'
- jurisdiction_id: ocd-jurisdiction/country:us/state:wa/place:winlock/government
  name: Chuck Camps
  roles:
  - Council Member
  divisions:
  - Position 2
  phone_number: null
  email: council2@cityofwinlock.com
  website: https://cityofwinlock.com/index.php/city-council
  start_date: '2024'
  end_date: '2027'
  image: https://cityofwinlock.com/wp-content/uploads/2024/06/Chuck-300x276.jpg
  cdn_image: https://cdn.civicpatch.org/open-data/wa/winlock/images/d2b805d2d4e527a7597d8d55d23dc2be6dd90416bf5e0afc036205c2d7b3840b.jpg
  sources:
  - https://cityofwinlock.com/index.php/city-council
  updated_at: '2025-06-26T17:29:52+00:00'
- jurisdiction_id: ocd-jurisdiction/country:us/state:wa/place:winlock/government
  name: Jodie Curtis
  roles:
  - Council Member
  divisions:
  - Position 3
  phone_number: null
  email: council3@cityofwinlock.com
  website: https://cityofwinlock.com/index.php/city-council
  start_date: '2024'
  end_date: '2027'
  image: https://cityofwinlock.com/wp-content/uploads/2024/06/Jodie-300x259.jpg
  cdn_image: https://cdn.civicpatch.org/open-data/wa/winlock/images/c7c04063203859f4cef4ed94c02ec941bf1c74b3ea73b86bb3d3ee015fe4b95c.jpg
  sources:
  - https://cityofwinlock.com/index.php/city-council
  updated_at: '2025-06-26T17:29:52+00:00'
- jurisdiction_id: ocd-jurisdiction/country:us/state:wa/place:winlock/government
  name: Lindsey Alvord
  roles:
  - Council Member
  divisions:
  - Position 5
  phone_number: null
  email: council5@cityofwinlock.com
  website: https://cityofwinlock.com/index.php/city-council
  start_date: '2022'
  end_date: '2025'
  image: https://cityofwinlock.com/wp-content/uploads/2024/06/Lindsey-267x300.jpg
  cdn_image: https://cdn.civicpatch.org/open-data/wa/winlock/images/deb0ada4611587c4d455dbd253df510d888da84a2ee8e2a0e06f04d44fbc7552.jpg
  sources:
  - https://cityofwinlock.com/index.php/city-council
  updated_at: '2025-06-26T17:29:52+00:00'
