- name: Jr. Lewis William L.
  other_names: []
  phones:
  - (252) 444-6400
  emails:
  - wlewis@havelocknc.us
  urls:
  - https://www.havelocknc.us/directory.aspx?EID=23
  start_date: null
  end_date: null
  office:
    name: Mayor
    division_ocdid: ocd-division/country:us/state:nc/place:havelock
  image: ''
  jurisdiction_ocdid: ocd-jurisdiction/country:us/state:nc/place:havelock/government
  cdn_image: ''
  source_urls:
  - https://www.havelocknc.us/Directory.aspx?did=17
  updated_at: '2026-07-08T04:08:30+00:00'
  id: 3351a8df-665a-4f1e-abaa-c178de161c6d
- name: William L. Lewis, Jr.
  other_names:
  - William L. Lewis Jr. (Will)
  phones:
  - (252) 444-6400
  emails:
  - wlewis@havelocknc.us
  urls:
  - https://www.havelocknc.us/223/Office-of-the-Mayor
  start_date: '2013'
  end_date: null
  office:
    name: Mayor
    division_ocdid: ocd-division/country:us/state:nc/place:havelock
  image: https://www.havelocknc.us/ImageRepository/Document?documentID=242
  jurisdiction_ocdid: ocd-jurisdiction/country:us/state:nc/place:havelock/government
  cdn_image: https://civicpatch-artifacts.civicpatch.org/ce32570d-fb87-49b6-a4f2-b3a2fd70e353/data_source/nc/local/place_havelock/images/b6c15459270e.png
  source_urls:
  - https://www.havelocknc.us/223/Office-of-the-Mayor
  updated_at: '2026-07-08T04:08:30+00:00'
  id: 9d4ce537-c642-4889-a106-d81788c45187
- name: Brenda K. Wilson
  other_names:
  - Brenda Wilson
  phones: []
  emails:
  - bwilson@havelocknc.us
  urls:
  - https://www.havelocknc.us/199/Brenda-Wilson
  start_date: null
  end_date: null
  office:
    name: Commissioner - Mayor Pro Tempore
    division_ocdid: ocd-division/country:us/state:nc/place:havelock
  image: https://www.havelocknc.us/ImageRepository/Document?documentId=192
  jurisdiction_ocdid: ocd-jurisdiction/country:us/state:nc/place:havelock/government
  cdn_image: https://civicpatch-artifacts.civicpatch.org/ce32570d-fb87-49b6-a4f2-b3a2fd70e353/data_source/nc/local/place_havelock/images/a35b28ba82fa.png
  source_urls:
  - https://www.havelocknc.us/198/Board-of-Commissioners
  - https://www.havelocknc.us/Directory.aspx?did=16
  updated_at: '2026-07-08T04:08:30+00:00'
  id: fa6749da-bd4a-4af9-a4f8-18c0cce1c597
- name: Tyrone Cantey
  other_names: []
  phones: []
  emails:
  - tcantey@havelocknc.us
  urls:
  - https://www.havelocknc.us/206/Tyrone-Cantey
  start_date: null
  end_date: null
  office:
    name: Commissioner
    division_ocdid: ocd-division/country:us/state:nc/place:havelock
  image: https://www.havelocknc.us/ImageRepository/Document?documentId=834
  jurisdiction_ocdid: ocd-jurisdiction/country:us/state:nc/place:havelock/government
  cdn_image: https://civicpatch-artifacts.civicpatch.org/ce32570d-fb87-49b6-a4f2-b3a2fd70e353/data_source/nc/local/place_havelock/images/301285a4f20a.png
  source_urls:
  - https://www.havelocknc.us/198/Board-of-Commissioners
  - https://www.havelocknc.us/Directory.aspx?did=16
  updated_at: '2026-07-08T04:08:30+00:00'
  id: 50cb08c5-e60f-4c29-aa74-a77c0e7442a3
- name: Daniel F. Walsh, IV
  other_names:
  - Daniel Walsh
  - Daniel F. Walsh IV
  phones: []
  emails:
  - dwalsh@havelocknc.us
  urls:
  - https://www.havelocknc.us/directory.aspx?EID=22
  start_date: null
  end_date: null
  office:
    name: Commissioner
    division_ocdid: ocd-division/country:us/state:nc/place:havelock
  image: https://www.havelocknc.us/ImageRepository/Document?documentId=193
  jurisdiction_ocdid: ocd-jurisdiction/country:us/state:nc/place:havelock/government
  cdn_image: https://civicpatch-artifacts.civicpatch.org/ce32570d-fb87-49b6-a4f2-b3a2fd70e353/data_source/nc/local/place_havelock/images/e2397c18ecf4.png
  source_urls:
  - https://www.havelocknc.us/198/Board-of-Commissioners
  - https://www.havelocknc.us/Directory.aspx?did=16
  updated_at: '2026-07-08T04:08:30+00:00'
  id: 103815dd-d8c0-488b-a17a-789fc2ede3bc
- name: Mark P. Larkin
  other_names:
  - Mark Larkin
  phones: []
  emails:
  - mlarkin@havelocknc.us
  urls:
  - https://www.havelocknc.us/directory.aspx?EID=64
  start_date: null
  end_date: null
  office:
    name: Commissioner
    division_ocdid: ocd-division/country:us/state:nc/place:havelock
  image: https://www.havelocknc.us/ImageRepository/Document?documentId=1507
  jurisdiction_ocdid: ocd-jurisdiction/country:us/state:nc/place:havelock/government
  cdn_image: https://civicpatch-artifacts.civicpatch.org/ce32570d-fb87-49b6-a4f2-b3a2fd70e353/data_source/nc/local/place_havelock/images/2b598444fd27.png
  source_urls:
  - https://www.havelocknc.us/198/Board-of-Commissioners
  - https://www.havelocknc.us/Directory.aspx?did=16
  updated_at: '2026-07-08T04:08:30+00:00'
  id: 342a5bae-6dc9-40d9-a087-40d073eae27a
- name: Cynthia M. Evans-Robinson
  other_names: []
  phones: []
  emails:
  - cevans@havelocknc.us
  urls:
  - https://www.havelocknc.us/202/Cynthia-Evans-Robinson
  start_date: null
  end_date: null
  office:
    name: Commissioner
    division_ocdid: ocd-division/country:us/state:nc/place:havelock
  image: https://www.havelocknc.us/ImageRepository/Document?documentId=1506
  jurisdiction_ocdid: ocd-jurisdiction/country:us/state:nc/place:havelock/government
  cdn_image: https://civicpatch-artifacts.civicpatch.org/ce32570d-fb87-49b6-a4f2-b3a2fd70e353/data_source/nc/local/place_havelock/images/aa36634ae761.png
  source_urls:
  - https://www.havelocknc.us/198/Board-of-Commissioners
  - https://www.havelocknc.us/Directory.aspx?did=16
  updated_at: '2026-07-08T04:08:30+00:00'
  id: 1f81ab0e-3e7a-45d4-b764-9012502a953f
